// !$*UTF8*$!
{
	archiveVersion = 1;
	classes = {
	};
	objectVersion = 50;
	objects = {

/* Begin PBXBuildFile section */
		9BA5FA2822308B6500C35C6B /* AppDelegate.swift in Sources */ = {isa = PBXBuildFile; fileRef = 9BA5FA2722308B6500C35C6B /* AppDelegate.swift */; };
		9BA5FA2A22308B6500C35C6B /* ViewController.swift in Sources */ = {isa = PBXBuildFile; fileRef = 9BA5FA2922308B6500C35C6B /* ViewController.swift */; };
		9BA5FA2D22308B6500C35C6B /* Main.storyboard in Resources */ = {isa = PBXBuildFile; fileRef = 9BA5FA2B22308B6500C35C6B /* Main.storyboard */; };
		9BA5FA2F22308B6700C35C6B /* Assets.xcassets in Resources */ = {isa = PBXBuildFile; fileRef = 9BA5FA2E22308B6700C35C6B /* Assets.xcassets */; };
		9BA5FA3222308B6700C35C6B /* LaunchScreen.storyboard in Resources */ = {isa = PBXBuildFile; fileRef = 9BA5FA3022308B6700C35C6B /* LaunchScreen.storyboard */; };
		9BA5FA3D22308B6700C35C6B /* Day3Tests.swift in Sources */ = {isa = PBXBuildFile; fileRef = 9BA5FA3C22308B6700C35C6B /* Day3Tests.swift */; };
		9BA5FA4822308B6700C35C6B /* Day3UITests.swift in Sources */ = {isa = PBXBuildFile; fileRef = 9BA5FA4722308B6700C35C6B /* Day3UITests.swift */; };
/* End PBXBuildFile section */

/* Begin PBXContainerItemProxy section */
		9BA5FA3922308B6700C35C6B /* PBXContainerItemProxy */ = {
			isa = PBXContainerItemProxy;
			containerPortal = 9BA5FA1C22308B6500C35C6B /* Project object */;
			proxyType = 1;
			remoteGlobalIDString = 9BA5FA2322308B6500C35C6B;
			remoteInfo = Day3;
		};
		9BA5FA4422308B6700C35C6B /* PBXContainerItemProxy */ = {
			isa = PBXContainerItemProxy;
			containerPortal = 9BA5FA1C22308B6500C35C6B /* Project object */;
			proxyType = 1;
			remoteGlobalIDString = 9BA5FA2322308B6500C35C6B;
			remoteInfo = Day3;
		};
/* End PBXContainerItemProxy section */

/* Begin PBXFileReference section */
		9BA5FA2422308B6500C35C6B /* Day3.app */ = {isa = PBXFileReference; explicitFileType = wrapper.application; includeInIndex = 0; path = Day3.app; sourceTree = BUILT_PRODUCTS_DIR; };
		9BA5FA2722308B6500C35C6B /* AppDelegate.swift */ = {isa = PBXFileReference; lastKnownFileType = sourcecode.swift; path = AppDelegate.swift; sourceTree = "<group>"; };
		9BA5FA2922308B6500C35C6B /* ViewController.swift */ = {isa = PBXFileReference; lastKnownFileType = sourcecode.swift; path = ViewController.swift; sourceTree = "<group>"; };
		9BA5FA2C22308B6500C35C6B /* Base */ = {isa = PBXFileReference; lastKnownFileType = file.storyboard; name = Base; path = Base.lproj/Main.storyboard; sourceTree = "<group>"; };
		9BA5FA2E22308B6700C35C6B /* Assets.xcassets */ = {isa = PBXFileReference; lastKnownFileType = folder.assetcatalog; path = Assets.xcassets; sourceTree = "<group>"; };
		9BA5FA3122308B6700C35C6B /* Base */ = {isa = PBXFileReference; lastKnownFileType = file.storyboard; name = Base; path = Base.lproj/LaunchScreen.storyboard; sourceTree = "<group>"; };
		9BA5FA3322308B6700C35C6B /* Info.plist */ = {isa = PBXFileReference; lastKnownFileType = text.plist.xml; path = Info.plist; sourceTree = "<group>"; };
		9BA5FA3822308B6700C35C6B /* Day3Tests.xctest */ = {isa = PBXFileReference; explicitFileType = wrapper.cfbundle; includeInIndex = 0; path = Day3Tests.xctest; sourceTree = BUILT_PRODUCTS_DIR; };
		9BA5FA3C22308B6700C35C6B /* Day3Tests.swift */ = {isa = PBXFileReference; lastKnownFileType = sourcecode.swift; path = Day3Tests.swift; sourceTree = "<group>"; };
		9BA5FA3E22308B6700C35C6B /* Info.plist */ = {isa = PBXFileReference; lastKnownFileType = text.plist.xml; path = Info.plist; sourceTree = "<group>"; };
		9BA5FA4322308B6700C35C6B /* Day3UITests.xctest */ = {isa = PBXFileReference; explicitFileType = wrapper.cfbundle; includeInIndex = 0; path = Day3UITests.xctest; sourceTree = BUILT_PRODUCTS_DIR; };
		9BA5FA4722308B6700C35C6B /* Day3UITests.swift */ = {isa = PBXFileReference; lastKnownFileType = sourcecode.swift; path = Day3UITests.swift; sourceTree = "<group>"; };
		9BA5FA4922308B6700C35C6B /* Info.plist */ = {isa = PBXFileReference; lastKnownFileType = text.plist.xml; path = Info.plist; sourceTree = "<group>"; };
/* End PBXFileReference section */

/* Begin PBXFrameworksBuildPhase section */
		9BA5FA2122308B6500C35C6B /* Frameworks */ = {
			isa = PBXFrameworksBuildPhase;
			buildActionMask = 2147483647;
			files = (
			);
			runOnlyForDeploymentPostprocessing = 0;
		};
		9BA5FA3522308B6700C35C6B /* Frameworks */ = {
			isa = PBXFrameworksBuildPhase;
			buildActionMask = 2147483647;
			files = (
			);
			runOnlyForDeploymentPostprocessing = 0;
		};
		9BA5FA4022308B6700C35C6B /* Frameworks */ = {
			isa = PBXFrameworksBuildPhase;
			buildActionMask = 2147483647;
			files = (
			);
			runOnlyForDeploymentPostprocessing = 0;
		};
/* End PBXFrameworksBuildPhase section */

/* Begin PBXGroup section */
		9BA5FA1B22308B6500C35C6B = {
			isa = PBXGroup;
			children = (
				9BA5FA2622308B6500C35C6B /* Day3 */,
				9BA5FA3B22308B6700C35C6B /* Day3Tests */,
				9BA5FA4622308B6700C35C6B /* Day3UITests */,
				9BA5FA2522308B6500C35C6B /* Products */,
			);
			sourceTree = "<group>";
		};
		9BA5FA2522308B6500C35C6B /* Products */ = {
			isa = PBXGroup;
			children = (
				9BA5FA2422308B6500C35C6B /* Day3.app */,
				9BA5FA3822308B6700C35C6B /* Day3Tests.xctest */,
				9BA5FA4322308B6700C35C6B /* Day3UITests.xctest */,
			);
			name = Products;
			sourceTree = "<group>";
		};
		9BA5FA2622308B6500C35C6B /* Day3 */ = {
			isa = PBXGroup;
			children = (
				9BA5FA2722308B6500C35C6B /* AppDelegate.swift */,
				9BA5FA2922308B6500C35C6B /* ViewController.swift */,
				9BA5FA2B22308B6500C35C6B /* Main.storyboard */,
				9BA5FA2E22308B6700C35C6B /* Assets.xcassets */,
				9BA5FA3022308B6700C35C6B /* LaunchScreen.storyboard */,
				9BA5FA3322308B6700C35C6B /* Info.plist */,
			);
			path = Day3;
			sourceTree = "<group>";
		};
		9BA5FA3B22308B6700C35C6B /* Day3Tests */ = {
			isa = PBXGroup;
			children = (
				9BA5FA3C22308B6700C35C6B /* Day3Tests.swift */,
				9BA5FA3E22308B6700C35C6B /* Info.plist */,
			);
			path = Day3Tests;
			sourceTree = "<group>";
		};
		9BA5FA4622308B6700C35C6B /* Day3UITests */ = {
			isa = PBXGroup;
			children = (
				9BA5FA4722308B6700C35C6B /* Day3UITests.swift */,
				9BA5FA4922308B6700C35C6B /* Info.plist */,
			);
			path = Day3UITests;
			sourceTree = "<group>";
		};
/* End PBXGroup section */

/* Begin PBXNativeTarget section */
		9BA5FA2322308B6500C35C6B /* Day3 */ = {
			isa = PBXNativeTarget;
			buildConfigurationList = 9BA5FA4C22308B6700C35C6B /* Build configuration list for PBXNativeTarget "Day3" */;
			buildPhases = (
				9BA5FA2022308B6500C35C6B /* Sources */,
				9BA5FA2122308B6500C35C6B /* Frameworks */,
				9BA5FA2222308B6500C35C6B /* Resources */,
			);
			buildRules = (
			);
			dependencies = (
			);
			name = Day3;
			productName = Day3;
			productReference = 9BA5FA2422308B6500C35C6B /* Day3.app */;
			productType = "com.apple.product-type.application";
		};
		9BA5FA3722308B6700C35C6B /* Day3Tests */ = {
			isa = PBXNativeTarget;
			buildConfigurationList = 9BA5FA4F22308B6700C35C6B /* Build configuration list for PBXNativeTarget "Day3Tests" */;
			buildPhases = (
				9BA5FA3422308B6700C35C6B /* Sources */,
				9BA5FA3522308B6700C35C6B /* Frameworks */,
				9BA5FA3622308B6700C35C6B /* Resources */,
			);
			buildRules = (
			);
			dependencies = (
				9BA5FA3A22308B6700C35C6B /* PBXTargetDependency */,
			);
			name = Day3Tests;
			productName = Day3Tests;
			productReference = 9BA5FA3822308B6700C35C6B /* Day3Tests.xctest */;
			productType = "com.apple.product-type.bundle.unit-test";
		};
		9BA5FA4222308B6700C35C6B /* Day3UITests */ = {
			isa = PBXNativeTarget;
			buildConfigurationList = 9BA5FA5222308B6700C35C6B /* Build configuration list for PBXNativeTarget "Day3UITests" */;
			buildPhases = (
				9BA5FA3F22308B6700C35C6B /* Sources */,
				9BA5FA4022308B6700C35C6B /* Frameworks */,
				9BA5FA4122308B6700C35C6B /* Resources */,
			);
			buildRules = (
			);
			dependencies = (
				9BA5FA4522308B6700C35C6B /* PBXTargetDependency */,
			);
			name = Day3UITests;
			productName = Day3UITests;
			productReference = 9BA5FA4322308B6700C35C6B /* Day3UITests.xctest */;
			productType = "com.apple.product-type.bundle.ui-testing";
		};
/* End PBXNativeTarget section */

/* Begin PBXProject section */
		9BA5FA1C22308B6500C35C6B /* Project object */ = {
			isa = PBXProject;
			attributes = {
				LastSwiftUpdateCheck = 1010;
				LastUpgradeCheck = 1010;
				ORGANIZATIONNAME = MacStudent;
				TargetAttributes = {
					9BA5FA2322308B6500C35C6B = {
						CreatedOnToolsVersion = 10.1;
					};
					9BA5FA3722308B6700C35C6B = {
						CreatedOnToolsVersion = 10.1;
						TestTargetID = 9BA5FA2322308B6500C35C6B;
					};
					9BA5FA4222308B6700C35C6B = {
						CreatedOnToolsVersion = 10.1;
						TestTargetID = 9BA5FA2322308B6500C35C6B;
					};
				};
			};
			buildConfigurationList = 9BA5FA1F22308B6500C35C6B /* Build configuration list for PBXProject "Day3" */;
			compatibilityVersion = "Xcode 9.3";
			developmentRegion = en;
			hasScannedForEncodings = 0;
			knownRegions = (
				en,
				Base,
			);
			mainGroup = 9BA5FA1B22308B6500C35C6B;
			productRefGroup = 9BA5FA2522308B6500C35C6B /* Products */;
			projectDirPath = "";
			projectRoot = "";
			targets = (
				9BA5FA2322308B6500C35C6B /* Day3 */,
				9BA5FA3722308B6700C35C6B /* Day3Tests */,
				9BA5FA4222308B6700C35C6B /* Day3UITests */,
			);
		};
/* End PBXProject section */

/* Begin PBXResourcesBuildPhase section */
		9BA5FA2222308B6500C35C6B /* Resources */ = {
			isa = PBXResourcesBuildPhase;
			buildActionMask = 2147483647;
			files = (
				9BA5FA3222308B6700C35C6B /* LaunchScreen.storyboard in Resources */,
				9BA5FA2F22308B6700C35C6B /* Assets.xcassets in Resources */,
				9BA5FA2D22308B6500C35C6B /* Main.storyboard in Resources */,
			);
			runOnlyForDeploymentPostprocessing = 0;
		};
		9BA5FA3622308B6700C35C6B /* Resources */ = {
			isa = PBXResourcesBuildPhase;
			buildActionMask = 2147483647;
			files = (
			);
			runOnlyForDeploymentPostprocessing = 0;
		};
		9BA5FA4122308B6700C35C6B /* Resources */ = {
			isa = PBXResourcesBuildPhase;
			buildActionMask = 2147483647;
			files = (
			);
			runOnlyForDeploymentPostprocessing = 0;
		};
/* End PBXResourcesBuildPhase section */

/* Begin PBXSourcesBuildPhase section */
		9BA5FA2022308B6500C35C6B /* Sources */ = {
			isa = PBXSourcesBuildPhase;
			buildActionMask = 2147483647;
			files = (
				9BA5FA2A22308B6500C35C6B /* ViewController.swift in Sources */,
				9BA5FA2822308B6500C35C6B /* AppDelegate.swift in Sources */,
			);
			runOnlyForDeploymentPostprocessing = 0;
		};
		9BA5FA3422308B6700C35C6B /* Sources */ = {
			isa = PBXSourcesBuildPhase;
			buildActionMask = 2147483647;
			files = (
				9BA5FA3D22308B6700C35C6B /* Day3Tests.swift in Sources */,
			);
			runOnlyForDeploymentPostprocessing = 0;
		};
		9BA5FA3F22308B6700C35C6B /* Sources */ = {
			isa = PBXSourcesBuildPhase;
			buildActionMask = 2147483647;
			files = (
				9BA5FA4822308B6700C35C6B /* Day3UITests.swift in Sources */,
			);
			runOnlyForDeploymentPostprocessing = 0;
		};
/* End PBXSourcesBuildPhase section */

/* Begin PBXTargetDependency section */
		9BA5FA3A22308B6700C35C6B /* PBXTargetDependency */ = {
			isa = PBXTargetDependency;
			target = 9BA5FA2322308B6500C35C6B /* Day3 */;
			targetProxy = 9BA5FA3922308B6700C35C6B /* PBXContainerItemProxy */;
		};
		9BA5FA4522308B6700C35C6B /* PBXTargetDependency */ = {
			isa = PBXTargetDependency;
			target = 9BA5FA2322308B6500C35C6B /* Day3 */;
			targetProxy = 9BA5FA4422308B6700C35C6B /* PBXContainerItemProxy */;
		};
/* End PBXTargetDependency section */

/* Begin PBXVariantGroup section */
		9BA5FA2B22308B6500C35C6B /* Main.storyboard */ = {
			isa = PBXVariantGroup;
			children = (
				9BA5FA2C22308B6500C35C6B /* Base */,
			);
			name = Main.storyboard;
			sourceTree = "<group>";
		};
		9BA5FA3022308B6700C35C6B /* LaunchScreen.storyboard */ = {
			isa = PBXVariantGroup;
			children = (
				9BA5FA3122308B6700C35C6B /* Base */,
			);
			name = LaunchScreen.storyboard;
			sourceTree = "<group>";
		};
/* End PBXVariantGroup section */

/* Begin XCBuildConfiguration section */
		9BA5FA4A22308B6700C35C6B /* Debug */ = {
			isa = XCBuildConfiguration;
			buildSettings = {
				ALWAYS_SEARCH_USER_PATHS = NO;
				CLANG_ANALYZER_NONNULL = YES;
				CLANG_ANALYZER_NUMBER_OBJECT_CONVERSION = YES_AGGRESSIVE;
				CLANG_CXX_LANGUAGE_STANDARD = "gnu++14";
				CLANG_CXX_LIBRARY = "libc++";
				CLANG_ENABLE_MODULES = YES;
				CLANG_ENABLE_OBJC_ARC = YES;
				CLANG_ENABLE_OBJC_WEAK = YES;
				CLANG_WARN_BLOCK_CAPTURE_AUTORELEASING = YES;
				CLANG_WARN_BOOL_CONVERSION = YES;
				CLANG_WARN_COMMA = YES;
				CLANG_WARN_CONSTANT_CONVERSION = YES;
				CLANG_WARN_DEPRECATED_OBJC_IMPLEMENTATIONS = YES;
				CLANG_WARN_DIRECT_OBJC_ISA_USAGE = YES_ERROR;
				CLANG_WARN_DOCUMENTATION_COMMENTS = YES;
				CLANG_WARN_EMPTY_BODY = YES;
				CLANG_WARN_ENUM_CONVERSION = YES;
				CLANG_WARN_INFINITE_RECURSION = YES;
				CLANG_WARN_INT_CONVERSION = YES;
				CLANG_WARN_NON_LITERAL_NULL_CONVERSION = YES;
				CLANG_WARN_OBJC_IMPLICIT_RETAIN_SELF = YES;
				CLANG_WARN_OBJC_LITERAL_CONVERSION = YES;
				CLANG_WARN_OBJC_ROOT_CLASS = YES_ERROR;
				CLANG_WARN_RANGE_LOOP_ANALYSIS = YES;
				CLANG_WARN_STRICT_PROTOTYPES = YES;
				CLANG_WARN_SUSPICIOUS_MOVE = YES;
				CLANG_WARN_UNGUARDED_AVAILABILITY = YES_AGGRESSIVE;
				CLANG_WARN_UNREACHABLE_CODE = YES;
				CLANG_WARN__DUPLICATE_METHOD_MATCH = YES;
				CODE_SIGN_IDENTITY = "iPhone Developer";
				COPY_PHASE_STRIP = NO;
				DEBUG_INFORMATION_FORMAT = dwarf;
				ENABLE_STRICT_OBJC_MSGSEND = YES;
				ENABLE_TESTABILITY = YES;
				GCC_C_LANGUAGE_STANDARD = gnu11;
				GCC_DYNAMIC_NO_PIC = NO;
				GCC_NO_COMMON_BLOCKS = YES;
				GCC_OPTIMIZATION_LEVEL = 0;
				GCC_PREPROCESSOR_DEFINITIONS = (
					"DEBUG=1",
					"$(inherited)",
				);
				GCC_WARN_64_TO_32_BIT_CONVERSION = YES;
				GCC_WARN_ABOUT_RETURN_TYPE = YES_ERROR;
				GCC_WARN_UNDECLARED_SELECTOR = YES;
				GCC_WARN_UNINITIALIZED_AUTOS = YES_AGGRESSIVE;
				GCC_WARN_UNUSED_FUNCTION = YES;
				GCC_WARN_UNUSED_VARIABLE = YES;
				IPHONEOS_DEPLOYMENT_TARGET = 12.1;
				MTL_ENABLE_DEBUG_INFO = INCLUDE_SOURCE;
				MTL_FAST_MATH = YES;
				ONLY_ACTIVE_ARCH = YES;
				SDKROOT = iphoneos;
				SWIFT_ACTIVE_COMPILATION_CONDITIONS = DEBUG;
				SWIFT_OPTIMIZATION_LEVEL = "-Onone";
			};
			name = Debug;
		};
		9BA5FA4B22308B6700C35C6B /* Release */ = {
			isa = XCBuildConfiguration;
			buildSettings = {
				ALWAYS_SEARCH_USER_PATHS = NO;
				CLANG_ANALYZER_NONNULL = YES;
				CLANG_ANALYZER_NUMBER_OBJECT_CONVERSION = YES_AGGRESSIVE;
				CLANG_CXX_LANGUAGE_STANDARD = "gnu++14";
				CLANG_CXX_LIBRARY = "libc++";
				CLANG_ENABLE_MODULES = YES;
				CLANG_ENABLE_OBJC_ARC = YES;
				CLANG_ENABLE_OBJC_WEAK = YES;
				CLANG_WARN_BLOCK_CAPTURE_AUTORELEASING = YES;
				CLANG_WARN_BOOL_CONVERSION = YES;
				CLANG_WARN_COMMA = YES;
				CLANG_WARN_CONSTANT_CONVERSION = YES;
				CLANG_WARN_DEPRECATED_OBJC_IMPLEMENTATIONS = YES;
				CLANG_WARN_DIRECT_OBJC_ISA_USAGE = YES_ERROR;
				CLANG_WARN_DOCUMENTATION_COMMENTS = YES;
				CLANG_WARN_EMPTY_BODY = YES;
				CLANG_WARN_ENUM_CONVERSION = YES;
				CLANG_WARN_INFINITE_RECURSION = YES;
				CLANG_WARN_INT_CONVERSION = YES;
				CLANG_WARN_NON_LITERAL_NULL_CONVERSION = YES;
				CLANG_WARN_OBJC_IMPLICIT_RETAIN_SELF = YES;
				CLANG_WARN_OBJC_LITERAL_CONVERSION = YES;
				CLANG_WARN_OBJC_ROOT_CLASS = YES_ERROR;
				CLANG_WARN_RANGE_LOOP_ANALYSIS = YES;
				CLANG_WARN_STRICT_PROTOTYPES = YES;
				CLANG_WARN_SUSPICIOUS_MOVE = YES;
				CLANG_WARN_UNGUARDED_AVAILABILITY = YES_AGGRESSIVE;
				CLANG_WARN_UNREACHABLE_CODE = YES;
				CLANG_WARN__DUPLICATE_METHOD_MATCH = YES;
				CODE_SIGN_IDENTITY = "iPhone Developer";
				COPY_PHASE_STRIP = NO;
				DEBUG_INFORMATION_FORMAT = "dwarf-with-dsym";
				ENABLE_NS_ASSERTIONS = NO;
				ENABLE_STRICT_OBJC_MSGSEND = YES;
				GCC_C_LANGUAGE_STANDARD = gnu11;
				GCC_NO_COMMON_BLOCKS = YES;
				GCC_WARN_64_TO_32_BIT_CONVERSION = YES;
				GCC_WARN_ABOUT_RETURN_TYPE = YES_ERROR;
				GCC_WARN_UNDECLARED_SELECTOR = YES;
				GCC_WARN_UNINITIALIZED_AUTOS = YES_AGGRESSIVE;
				GCC_WARN_UNUSED_FUNCTION = YES;
				GCC_WARN_UNUSED_VARIABLE = YES;
				IPHONEOS_DEPLOYMENT_TARGET = 12.1;
				MTL_ENABLE_DEBUG_INFO = NO;
				MTL_FAST_MATH = YES;
				SDKROOT = iphoneos;
				SWIFT_COMPILATION_MODE = wholemodule;
				SWIFT_OPTIMIZATION_LEVEL = "-O";
				VALIDATE_PRODUCT = YES;
			};
			name = Release;
		};
		9BA5FA4D22308B6700C35C6B /* Debug */ = {
			isa = XCBuildConfiguration;
			buildSettings = {
				ASSETCATALOG_COMPILER_APPICON_NAME = AppIcon;
				CODE_SIGN_STYLE = Automatic;
				INFOPLIST_FILE = Day3/Info.plist;
				LD_RUNPATH_SEARCH_PATHS = (
					"$(inherited)",
					"@executable_path/Frameworks",
				);
				PRODUCT_BUNDLE_IDENTIFIER = CestarCollege.Day3;
				PRODUCT_NAME = "$(TARGET_NAME)";
				SWIFT_VERSION = 4.2;
				TARGETED_DEVICE_FAMILY = "1,2";
			};
			name = Debug;
		};
		9BA5FA4E22308B6700C35C6B /* Release */ = {
			isa = XCBuildConfiguration;
			buildSettings = {
				ASSETCATALOG_COMPILER_APPICON_NAME = AppIcon;
				CODE_SIGN_STYLE = Automatic;
				INFOPLIST_FILE = Day3/Info.plist;
				LD_RUNPATH_SEARCH_PATHS = (
					"$(inherited)",
					"@executable_path/Frameworks",
				);
				PRODUCT_BUNDLE_IDENTIFIER = CestarCollege.Day3;
				PRODUCT_NAME = "$(TARGET_NAME)";
				SWIFT_VERSION = 4.2;
				TARGETED_DEVICE_FAMILY = "1,2";
			};
			name = Release;
		};
		9BA5FA5022308B6700C35C6B /* Debug */ = {
			isa = XCBuildConfiguration;
			buildSettings = {
				ALWAYS_EMBED_SWIFT_STANDARD_LIBRARIES = YES;
				BUNDLE_LOADER = "$(TEST_HOST)";
				CODE_SIGN_STYLE = Automatic;
				INFOPLIST_FILE = Day3Tests/Info.plist;
				LD_RUNPATH_SEARCH_PATHS = (
					"$(inherited)",
					"@executable_path/Frameworks",
					"@loader_path/Frameworks",
				);
				PRODUCT_BUNDLE_IDENTIFIER = CestarCollege.Day3Tests;
				PRODUCT_NAME = "$(TARGET_NAME)";
				SWIFT_VERSION = 4.2;
				TARGETED_DEVICE_FAMILY = "1,2";
				TEST_HOST = "$(BUILT_PRODUCTS_DIR)/Day3.app/Day3";
			};
			name = Debug;
		};
		9BA5FA5122308B6700C35C6B /* Release */ = {
			isa = XCBuildConfiguration;
			buildSettings = {
				ALWAYS_EMBED_SWIFT_STANDARD_LIBRARIES = YES;
				BUNDLE_LOADER = "$(TEST_HOST)";
				CODE_SIGN_STYLE = Automatic;
				INFOPLIST_FILE = Day3Tests/Info.plist;
				LD_RUNPATH_SEARCH_PATHS = (
					"$(inherited)",
					"@executable_path/Frameworks",
					"@loader_path/Frameworks",
				);
				PRODUCT_BUNDLE_IDENTIFIER = CestarCollege.Day3Tests;
				PRODUCT_NAME = "$(TARGET_NAME)";
				SWIFT_VERSION = 4.2;
				TARGETED_DEVICE_FAMILY = "1,2";
				TEST_HOST = "$(BUILT_PRODUCTS_DIR)/Day3.app/Day3";
			};
			name = Release;
		};
		9BA5FA5322308B6700C35C6B /* Debug */ = {
			isa = XCBuildConfiguration;
			buildSettings = {
				ALWAYS_EMBED_SWIFT_STANDARD_LIBRARIES = YES;
				CODE_SIGN_STYLE = Automatic;
				INFOPLIST_FILE = Day3UITests/Info.plist;
				LD_RUNPATH_SEARCH_PATHS = (
					"$(inherited)",
					"@executable_path/Frameworks",
					"@loader_path/Frameworks",
				);
				PRODUCT_BUNDLE_IDENTIFIER = CestarCollege.Day3UITests;
				PRODUCT_NAME = "$(TARGET_NAME)";
				SWIFT_VERSION = 4.2;
				TARGETED_DEVICE_FAMILY = "1,2";
				TEST_TARGET_NAME = Day3;
			};
			name = Debug;
		};
		9BA5FA5422308B6700C35C6B /* Release */ = {
			isa = XCBuildConfiguration;
			buildSettings = {
				ALWAYS_EMBED_SWIFT_STANDARD_LIBRARIES = YES;
				CODE_SIGN_STYLE = Automatic;
				INFOPLIST_FILE = Day3UITests/Info.plist;
				LD_RUNPATH_SEARCH_PATHS = (
					"$(inherited)",
					"@executable_path/Frameworks",
					"@loader_path/Frameworks",
				);
				PRODUCT_BUNDLE_IDENTIFIER = CestarCollege.Day3UITests;
				PRODUCT_NAME = "$(TARGET_NAME)";
				SWIFT_VERSION = 4.2;
				TARGETED_DEVICE_FAMILY = "1,2";
				TEST_TARGET_NAME = Day3;
			};
			name = Release;
		};
/* End XCBuildConfiguration section */

/* Begin XCConfigurationList section */
		9BA5FA1F22308B6500C35C6B /* Build configuration list for PBXProject "Day3" */ = {
			isa = XCConfigurationList;
			buildConfigurations = (
				9BA5FA4A22308B6700C35C6B /* Debug */,
				9BA5FA4B22308B6700C35C6B /* Release */,
			);
			defaultConfigurationIsVisible = 0;
			defaultConfigurationName = Release;
		};
		9BA5FA4C22308B6700C35C6B /* Build configuration list for PBXNativeTarget "Day3" */ = {
			isa = XCConfigurationList;
			buildConfigurations = (
				9BA5FA4D22308B6700C35C6B /* Debug */,
				9BA5FA4E22308B6700C35C6B /* Release */,
			);
			defaultConfigurationIsVisible = 0;
			defaultConfigurationName = Release;
		};
		9BA5FA4F22308B6700C35C6B /* Build configuration list for PBXNativeTarget "Day3Tests" */ = {
			isa = XCConfigurationList;
			buildConfigurations = (
				9BA5FA5022308B6700C35C6B /* Debug */,
				9BA5FA5122308B6700C35C6B /* Release */,
			);
			defaultConfigurationIsVisible = 0;
			defaultConfigurationName = Release;
		};
		9BA5FA5222308B6700C35C6B /* Build configuration list for PBXNativeTarget "Day3UITests" */ = {
			isa = XCConfigurationList;
			buildConfigurations = (
				9BA5FA5322308B6700C35C6B /* Debug */,
				9BA5FA5422308B6700C35C6B /* Release */,
			);
			defaultConfigurationIsVisible = 0;
			defaultConfigurationName = Release;
		};
/* End XCConfigurationList section */
	};
	rootObject = 9BA5FA1C22308B6500C35C6B /* Project object */;
}
